<?xml version="1.0" encoding="UTF-8"?>
<!DOCTYPE plist PUBLIC "-//Apple//DTD PLIST 1.0//EN" "http://www.apple.com/DTDs/PropertyList-1.0.dtd">
<plist version="1.0">
<dict>
	<key>archiveVersion</key>
	<string>1</string>
	<key>classes</key>
	<dict/>
	<key>objectVersion</key>
	<string>46</string>
	<key>objects</key>
	<dict>
		<key>1009C6308C4E33E2F1AB7282</key>
		<dict>
			<key>fileRef</key>
			<string>195E88B82BEB43BE36967861</string>
			<key>isa</key>
			<string>PBXBuildFile</string>
		</dict>
		<key>1270A0360B941FC3DB91F1AC</key>
		<dict>
			<key>includeInIndex</key>
			<string>1</string>
			<key>isa</key>
			<string>PBXFileReference</string>
			<key>lastKnownFileType</key>
			<string>text.xcconfig</string>
			<key>name</key>
			<string>Pods.release.xcconfig</string>
			<key>path</key>
			<string>Pods/Target Support Files/Pods/Pods.release.xcconfig</string>
			<key>sourceTree</key>
			<string>&lt;group&gt;</string>
		</dict>
		<key>195E88B82BEB43BE36967861</key>
		<dict>
			<key>explicitFileType</key>
			<string>archive.ar</string>
			<key>includeInIndex</key>
			<string>0</string>
			<key>isa</key>
			<string>PBXFileReference</string>
			<key>path</key>
			<string>libPods.a</string>
			<key>sourceTree</key>
			<string>BUILT_PRODUCTS_DIR</string>
		</dict>
		<key>1E143B110DBDD4330B0A43CD</key>
		<dict>
			<key>buildActionMask</key>
			<string>2147483647</string>
			<key>files</key>
			<array/>
			<key>inputPaths</key>
			<array/>
			<key>isa</key>
			<string>PBXShellScriptBuildPhase</string>
			<key>name</key>
			<string>Copy Pods Resources</string>
			<key>outputPaths</key>
			<array/>
			<key>runOnlyForDeploymentPostprocessing</key>
			<string>0</string>
			<key>shellPath</key>
			<string>/bin/sh</string>
			<key>shellScript</key>
			<string>"${SRCROOT}/Pods/Target Support Files/Pods/Pods-resources.sh"
</string>
			<key>showEnvVarsInLog</key>
			<string>0</string>
		</dict>
		<key>369AE8EA794A1C0C5D00CAB7</key>
		<dict>
			<key>buildActionMask</key>
			<string>2147483647</string>
			<key>files</key>
			<array/>
			<key>inputPaths</key>
			<array/>
			<key>isa</key>
			<string>PBXShellScriptBuildPhase</string>
			<key>name</key>
			<string>Check Pods Manifest.lock</string>
			<key>outputPaths</key>
			<array/>
			<key>runOnlyForDeploymentPostprocessing</key>
			<string>0</string>
			<key>shellPath</key>
			<string>/bin/sh</string>
			<key>shellScript</key>
			<string>diff "${PODS_ROOT}/../Podfile.lock" "${PODS_ROOT}/Manifest.lock" &gt; /dev/null
if [[ $? != 0 ]] ; then
    cat &lt;&lt; EOM
error: The sandbox is not in sync with the Podfile.lock. Run 'pod install' or update your CocoaPods installation.
EOM
    exit 1
fi
</string>
			<key>showEnvVarsInLog</key>
			<string>0</string>
		</dict>
		<key>549A60BD2AEC3C2548774095</key>
		<dict>
			<key>includeInIndex</key>
			<string>1</string>
			<key>isa</key>
			<string>PBXFileReference</string>
			<key>lastKnownFileType</key>
			<string>text.xcconfig</string>
			<key>name</key>
			<string>Pods.debug.xcconfig</string>
			<key>path</key>
			<string>Pods/Target Support Files/Pods/Pods.debug.xcconfig</string>
			<key>sourceTree</key>
			<string>&lt;group&gt;</string>
		</dict>
		<key>55FE9BE0978F690B6654F8EC</key>
		<dict>
			<key>children</key>
			<array>
				<string>549A60BD2AEC3C2548774095</string>
				<string>1270A0360B941FC3DB91F1AC</string>
			</array>
			<key>isa</key>
			<string>PBXGroup</string>
			<key>name</key>
			<string>Pods</string>
			<key>sourceTree</key>
			<string>&lt;group&gt;</string>
		</dict>
		<key>6AEC9F591A7346E700C2EFF6</key>
		<dict>
			<key>children</key>
			<array>
				<string>6AEC9F641A7346E700C2EFF6</string>
				<string>6AEC9F811A7346E700C2EFF6</string>
				<string>6AEC9F631A7346E700C2EFF6</string>
				<string>55FE9BE0978F690B6654F8EC</string>
				<string>CCEF2342AFB2E791A2DE7C27</string>
			</array>
			<key>isa</key>
			<string>PBXGroup</string>
			<key>sourceTree</key>
			<string>&lt;group&gt;</string>
		</dict>
		<key>6AEC9F5A1A7346E700C2EFF6</key>
		<dict>
			<key>attributes</key>
			<dict>
				<key>LastUpgradeCheck</key>
				<string>0610</string>
				<key>ORGANIZATIONNAME</key>
				<string>pallavi.com</string>
				<key>TargetAttributes</key>
				<dict>
					<key>6AEC9F611A7346E700C2EFF6</key>
					<dict>
						<key>CreatedOnToolsVersion</key>
						<string>6.1.1</string>
						<key>DevelopmentTeam</key>
						<string>2E8X2GH378</string>
					</dict>
					<key>6AEC9F7D1A7346E700C2EFF6</key>
					<dict>
						<key>CreatedOnToolsVersion</key>
						<string>6.1.1</string>
						<key>TestTargetID</key>
						<string>6AEC9F611A7346E700C2EFF6</string>
					</dict>
				</dict>
			</dict>
			<key>buildConfigurationList</key>
			<string>6AEC9F5D1A7346E700C2EFF6</string>
			<key>compatibilityVersion</key>
			<string>Xcode 3.2</string>
			<key>developmentRegion</key>
			<string>English</string>
			<key>hasScannedForEncodings</key>
			<string>0</string>
			<key>isa</key>
			<string>PBXProject</string>
			<key>knownRegions</key>
			<array>
				<string>en</string>
				<string>Base</string>
			</array>
			<key>mainGroup</key>
			<string>6AEC9F591A7346E700C2EFF6</string>
			<key>productRefGroup</key>
			<string>6AEC9F631A7346E700C2EFF6</string>
			<key>projectDirPath</key>
			<string></string>
			<key>projectReferences</key>
			<array/>
			<key>projectRoot</key>
			<string></string>
			<key>targets</key>
			<array>
				<string>6AEC9F611A7346E700C2EFF6</string>
				<string>6AEC9F7D1A7346E700C2EFF6</string>
			</array>
		</dict>
		<key>6AEC9F5D1A7346E700C2EFF6</key>
		<dict>
			<key>buildConfigurations</key>
			<array>
				<string>6AEC9F861A7346E700C2EFF6</string>
				<string>6AEC9F871A7346E700C2EFF6</string>
			</array>
			<key>defaultConfigurationIsVisible</key>
			<string>0</string>
			<key>defaultConfigurationName</key>
			<string>Release</string>
			<key>isa</key>
			<string>XCConfigurationList</string>
		</dict>
		<key>6AEC9F5E1A7346E700C2EFF6</key>
		<dict>
			<key>buildActionMask</key>
			<string>2147483647</string>
			<key>files</key>
			<array>
				<string>6AEC9FB11A7482BC00C2EFF6</string>
				<string>6AEC9F991A73648F00C2EFF6</string>
				<string>6AEC9FA51A7378B500C2EFF6</string>
				<string>6AEC9FA81A74745A00C2EFF6</string>
				<string>6AEC9F9C1A7366F300C2EFF6</string>
				<string>6AEC9FB41A74895000C2EFF6</string>
				<string>6AEC9F6B1A7346E700C2EFF6</string>
				<string>6AEC9F961A735FC300C2EFF6</string>
				<string>6AEC9FAB1A7475F800C2EFF6</string>
				<string>6AEC9F901A734A4700C2EFF6</string>
				<string>6AEC9FAE1A7475F800C2EFF6</string>
				<string>6AEC9F681A7346E700C2EFF6</string>
			</array>
			<key>isa</key>
			<string>PBXSourcesBuildPhase</string>
			<key>runOnlyForDeploymentPostprocessing</key>
			<string>0</string>
		</dict>
		<key>6AEC9F5F1A7346E700C2EFF6</key>
		<dict>
			<key>buildActionMask</key>
			<string>2147483647</string>
			<key>files</key>
			<array>
				<string>1009C6308C4E33E2F1AB7282</string>
			</array>
			<key>isa</key>
			<string>PBXFrameworksBuildPhase</string>
			<key>runOnlyForDeploymentPostprocessing</key>
			<string>0</string>
		</dict>
		<key>6AEC9F601A7346E700C2EFF6</key>
		<dict>
			<key>buildActionMask</key>
			<string>2147483647</string>
			<key>files</key>
			<array>
				<string>6AEC9F741A7346E700C2EFF6</string>
				<string>6AEC9F9E1A736A0700C2EFF6</string>
				<string>6AEC9F791A7346E700C2EFF6</string>
				<string>6AEC9F761A7346E700C2EFF6</string>
			</array>
			<key>isa</key>
			<string>PBXResourcesBuildPhase</string>
			<key>runOnlyForDeploymentPostprocessing</key>
			<string>0</string>
		</dict>
		<key>6AEC9F611A7346E700C2EFF6</key>
		<dict>
			<key>buildConfigurationList</key>
			<string>6AEC9F881A7346E700C2EFF6</string>
			<key>buildPhases</key>
			<array>
				<string>369AE8EA794A1C0C5D00CAB7</string>
				<string>6AEC9F5E1A7346E700C2EFF6</string>
				<string>6AEC9F5F1A7346E700C2EFF6</string>
				<string>6AEC9F601A7346E700C2EFF6</string>
				<string>1E143B110DBDD4330B0A43CD</string>
			</array>
			<key>buildRules</key>
			<array/>
			<key>dependencies</key>
			<array/>
			<key>isa</key>
			<string>PBXNativeTarget</string>
			<key>name</key>
			<string>TagShutter</string>
			<key>productName</key>
			<string>TagShutter</string>
			<key>productReference</key>
			<string>6AEC9F621A7346E700C2EFF6</string>
			<key>productType</key>
			<string>com.apple.product-type.application</string>
		</dict>
		<key>6AEC9F621A7346E700C2EFF6</key>
		<dict>
			<key>explicitFileType</key>
			<string>wrapper.application</string>
			<key>includeInIndex</key>
			<string>0</string>
			<key>isa</key>
			<string>PBXFileReference</string>
			<key>path</key>
			<string>TagShutter.app</string>
			<key>sourceTree</key>
			<string>BUILT_PRODUCTS_DIR</string>
		</dict>
		<key>6AEC9F631A7346E700C2EFF6</key>
		<dict>
			<key>children</key>
			<array>
				<string>6AEC9F621A7346E700C2EFF6</string>
				<string>6AEC9F7E1A7346E700C2EFF6</string>
			</array>
			<key>isa</key>
			<string>PBXGroup</string>
			<key>name</key>
			<string>Products</string>
			<key>sourceTree</key>
			<string>&lt;group&gt;</string>
		</dict>
		<key>6AEC9F641A7346E700C2EFF6</key>
		<dict>
			<key>children</key>
			<array>
				<string>6AEC9F691A7346E700C2EFF6</string>
				<string>6AEC9F6A1A7346E700C2EFF6</string>
				<string>6AEC9F721A7346E700C2EFF6</string>
				<string>6AEC9FB21A74895000C2EFF6</string>
				<string>6AEC9FB31A74895000C2EFF6</string>
				<string>6AEC9FAF1A7482BC00C2EFF6</string>
				<string>6AEC9FB01A7482BC00C2EFF6</string>
				<string>6AEC9F9A1A7366F300C2EFF6</string>
				<string>6AEC9F9B1A7366F300C2EFF6</string>
				<string>6AEC9F971A73648F00C2EFF6</string>
				<string>6AEC9F981A73648F00C2EFF6</string>
				<string>6AEC9F8E1A734A4700C2EFF6</string>
				<string>6AEC9F8F1A734A4700C2EFF6</string>
				<string>6AEC9F941A735FC300C2EFF6</string>
				<string>6AEC9F951A735FC300C2EFF6</string>
				<string>6AEC9F751A7346E700C2EFF6</string>
				<string>6AEC9F771A7346E700C2EFF6</string>
				<string>6AEC9FA21A7377FD00C2EFF6</string>
				<string>6AEC9F651A7346E700C2EFF6</string>
			</array>
			<key>isa</key>
			<string>PBXGroup</string>
			<key>path</key>
			<string>TagShutter</string>
			<key>sourceTree</key>
			<string>&lt;group&gt;</string>
		</dict>
		<key>6AEC9F651A7346E700C2EFF6</key>
		<dict>
			<key>children</key>
			<array>
				<string>6AEC9F9D1A736A0700C2EFF6</string>
				<string>6AEC9F661A7346E700C2EFF6</string>
				<string>6AEC9F671A7346E700C2EFF6</string>
			</array>
			<key>isa</key>
			<string>PBXGroup</string>
			<key>name</key>
			<string>Supporting Files</string>
			<key>sourceTree</key>
			<string>&lt;group&gt;</string>
		</dict>
		<key>6AEC9F661A7346E700C2EFF6</key>
		<dict>
			<key>isa</key>
			<string>PBXFileReference</string>
			<key>lastKnownFileType</key>
			<string>text.plist.xml</string>
			<key>path</key>
			<string>Info.plist</string>
			<key>sourceTree</key>
			<string>&lt;group&gt;</string>
		</dict>
		<key>6AEC9F671A7346E700C2EFF6</key>
		<dict>
			<key>isa</key>
			<string>PBXFileReference</string>
			<key>lastKnownFileType</key>
			<string>sourcecode.c.objc</string>
			<key>path</key>
			<string>main.m</string>
			<key>sourceTree</key>
			<string>&lt;group&gt;</string>
		</dict>
		<key>6AEC9F681A7346E700C2EFF6</key>
		<dict>
			<key>fileRef</key>
			<string>6AEC9F671A7346E700C2EFF6</string>
			<key>isa</key>
			<string>PBXBuildFile</string>
		</dict>
		<key>6AEC9F691A7346E700C2EFF6</key>
		<dict>
			<key>isa</key>
			<string>PBXFileReference</string>
			<key>lastKnownFileType</key>
			<string>sourcecode.c.h</string>
			<key>path</key>
			<string>AppDelegate.h</string>
			<key>sourceTree</key>
			<string>&lt;group&gt;</string>
		</dict>
		<key>6AEC9F6A1A7346E700C2EFF6</key>
		<dict>
			<key>isa</key>
			<string>PBXFileReference</string>
			<key>lastKnownFileType</key>
			<string>sourcecode.c.objc</string>
			<key>path</key>
			<string>AppDelegate.m</string>
			<key>sourceTree</key>
			<string>&lt;group&gt;</string>
		</dict>
		<key>6AEC9F6B1A7346E700C2EFF6</key>
		<dict>
			<key>fileRef</key>
			<string>6AEC9F6A1A7346E700C2EFF6</string>
			<key>isa</key>
			<string>PBXBuildFile</string>
		</dict>
		<key>6AEC9F721A7346E700C2EFF6</key>
		<dict>
			<key>children</key>
			<array>
				<string>6AEC9F731A7346E700C2EFF6</string>
			</array>
			<key>isa</key>
			<string>PBXVariantGroup</string>
			<key>name</key>
			<string>Main.storyboard</string>
			<key>sourceTree</key>
			<string>&lt;group&gt;</string>
		</dict>
		<key>6AEC9F731A7346E700C2EFF6</key>
		<dict>
			<key>isa</key>
			<string>PBXFileReference</string>
			<key>lastKnownFileType</key>
			<string>file.storyboard</string>
			<key>name</key>
			<string>Base</string>
			<key>path</key>
			<string>Base.lproj/Main.storyboard</string>
			<key>sourceTree</key>
			<string>&lt;group&gt;</string>
		</dict>
		<key>6AEC9F741A7346E700C2EFF6</key>
		<dict>
			<key>fileRef</key>
			<string>6AEC9F721A7346E700C2EFF6</string>
			<key>isa</key>
			<string>PBXBuildFile</string>
		</dict>
		<key>6AEC9F751A7346E700C2EFF6</key>
		<dict>
			<key>isa</key>
			<string>PBXFileReference</string>
			<key>lastKnownFileType</key>
			<string>folder.assetcatalog</string>
			<key>path</key>
			<string>Images.xcassets</string>
			<key>sourceTree</key>
			<string>&lt;group&gt;</string>
		</dict>
		<key>6AEC9F761A7346E700C2EFF6</key>
		<dict>
			<key>fileRef</key>
			<string>6AEC9F751A7346E700C2EFF6</string>
			<key>isa</key>
			<string>PBXBuildFile</string>
		</dict>
		<key>6AEC9F771A7346E700C2EFF6</key>
		<dict>
			<key>children</key>
			<array>
				<string>6AEC9F781A7346E700C2EFF6</string>
			</array>
			<key>isa</key>
			<string>PBXVariantGroup</string>
			<key>name</key>
			<string>LaunchScreen.xib</string>
			<key>sourceTree</key>
			<string>&lt;group&gt;</string>
		</dict>
		<key>6AEC9F781A7346E700C2EFF6</key>
		<dict>
			<key>isa</key>
			<string>PBXFileReference</string>
			<key>lastKnownFileType</key>
			<string>file.xib</string>
			<key>name</key>
			<string>Base</string>
			<key>path</key>
			<string>Base.lproj/LaunchScreen.xib</string>
			<key>sourceTree</key>
			<string>&lt;group&gt;</string>
		</dict>
		<key>6AEC9F791A7346E700C2EFF6</key>
		<dict>
			<key>fileRef</key>
			<string>6AEC9F771A7346E700C2EFF6</string>
			<key>isa</key>
			<string>PBXBuildFile</string>
		</dict>
		<key>6AEC9F7A1A7346E700C2EFF6</key>
		<dict>
			<key>buildActionMask</key>
			<string>2147483647</string>
			<key>files</key>
			<array>
				<string>6AEC9F851A7346E700C2EFF6</string>
			</array>
			<key>isa</key>
			<string>PBXSourcesBuildPhase</string>
			<key>runOnlyForDeploymentPostprocessing</key>
			<string>0</string>
		</dict>
		<key>6AEC9F7B1A7346E700C2EFF6</key>
		<dict>
			<key>buildActionMask</key>
			<string>2147483647</string>
			<key>files</key>
			<array/>
			<key>isa</key>
			<string>PBXFrameworksBuildPhase</string>
			<key>runOnlyForDeploymentPostprocessing</key>
			<string>0</string>
		</dict>
		<key>6AEC9F7C1A7346E700C2EFF6</key>
		<dict>
			<key>buildActionMask</key>
			<string>2147483647</string>
			<key>files</key>
			<array/>
			<key>isa</key>
			<string>PBXResourcesBuildPhase</string>
			<key>runOnlyForDeploymentPostprocessing</key>
			<string>0</string>
		</dict>
		<key>6AEC9F7D1A7346E700C2EFF6</key>
		<dict>
			<key>buildConfigurationList</key>
			<string>6AEC9F8B1A7346E700C2EFF6</string>
			<key>buildPhases</key>
			<array>
				<string>6AEC9F7A1A7346E700C2EFF6</string>
				<string>6AEC9F7B1A7346E700C2EFF6</string>
				<string>6AEC9F7C1A7346E700C2EFF6</string>
			</array>
			<key>buildRules</key>
			<array/>
			<key>dependencies</key>
			<array>
				<string>6AEC9F801A7346E700C2EFF6</string>
			</array>
			<key>isa</key>
			<string>PBXNativeTarget</string>
			<key>name</key>
			<string>TagShutterTests</string>
			<key>productName</key>
			<string>TagShutterTests</string>
			<key>productReference</key>
			<string>6AEC9F7E1A7346E700C2EFF6</string>
			<key>productType</key>
			<string>com.apple.product-type.bundle.unit-test</string>
		</dict>
		<key>6AEC9F7E1A7346E700C2EFF6</key>
		<dict>
			<key>explicitFileType</key>
			<string>wrapper.cfbundle</string>
			<key>includeInIndex</key>
			<string>0</string>
			<key>isa</key>
			<string>PBXFileReference</string>
			<key>path</key>
			<string>TagShutterTests.xctest</string>
			<key>sourceTree</key>
			<string>BUILT_PRODUCTS_DIR</string>
		</dict>
		<key>6AEC9F7F1A7346E700C2EFF6</key>
		<dict>
			<key>containerPortal</key>
			<string>6AEC9F5A1A7346E700C2EFF6</string>
			<key>isa</key>
			<string>PBXContainerItemProxy</string>
			<key>proxyType</key>
			<string>1</string>
			<key>remoteGlobalIDString</key>
			<string>6AEC9F611A7346E700C2EFF6</string>
			<key>remoteInfo</key>
			<string>TagShutter</string>
		</dict>
		<key>6AEC9F801A7346E700C2EFF6</key>
		<dict>
			<key>isa</key>
			<string>PBXTargetDependency</string>
			<key>target</key>
			<string>6AEC9F611A7346E700C2EFF6</string>
			<key>targetProxy</key>
			<string>6AEC9F7F1A7346E700C2EFF6</string>
		</dict>
		<key>6AEC9F811A7346E700C2EFF6</key>
		<dict>
			<key>children</key>
			<array>
				<string>6AEC9F841A7346E700C2EFF6</string>
				<string>6AEC9F821A7346E700C2EFF6</string>
			</array>
			<key>isa</key>
			<string>PBXGroup</string>
			<key>path</key>
			<string>TagShutterTests</string>
			<key>sourceTree</key>
			<string>&lt;group&gt;</string>
		</dict>
		<key>6AEC9F821A7346E700C2EFF6</key>
		<dict>
			<key>children</key>
			<array>
				<string>6AEC9F831A7346E700C2EFF6</string>
			</array>
			<key>isa</key>
			<string>PBXGroup</string>
			<key>name</key>
			<string>Supporting Files</string>
			<key>sourceTree</key>
			<string>&lt;group&gt;</string>
		</dict>
		<key>6AEC9F831A7346E700C2EFF6</key>
		<dict>
			<key>isa</key>
			<string>PBXFileReference</string>
			<key>lastKnownFileType</key>
			<string>text.plist.xml</string>
			<key>path</key>
			<string>Info.plist</string>
			<key>sourceTree</key>
			<string>&lt;group&gt;</string>
		</dict>
		<key>6AEC9F841A7346E700C2EFF6</key>
		<dict>
			<key>isa</key>
			<string>PBXFileReference</string>
			<key>lastKnownFileType</key>
			<string>sourcecode.c.objc</string>
			<key>path</key>
			<string>TagShutterTests.m</string>
			<key>sourceTree</key>
			<string>&lt;group&gt;</string>
		</dict>
		<key>6AEC9F851A7346E700C2EFF6</key>
		<dict>
			<key>fileRef</key>
			<string>6AEC9F841A7346E700C2EFF6</string>
			<key>isa</key>
			<string>PBXBuildFile</string>
		</dict>
		<key>6AEC9F861A7346E700C2EFF6</key>
		<dict>
			<key>buildSettings</key>
			<dict>
				<key>ALWAYS_SEARCH_USER_PATHS</key>
				<string>NO</string>
				<key>CLANG_CXX_LANGUAGE_STANDARD</key>
				<string>gnu++0x</string>
				<key>CLANG_CXX_LIBRARY</key>
				<string>libc++</string>
				<key>CLANG_ENABLE_MODULES</key>
				<string>YES</string>
				<key>CLANG_ENABLE_OBJC_ARC</key>
				<string>YES</string>
				<key>CLANG_WARN_BOOL_CONVERSION</key>
				<string>YES</string>
				<key>CLANG_WARN_CONSTANT_CONVERSION</key>
				<string>YES</string>
				<key>CLANG_WARN_DIRECT_OBJC_ISA_USAGE</key>
				<string>YES_ERROR</string>
				<key>CLANG_WARN_EMPTY_BODY</key>
				<string>YES</string>
				<key>CLANG_WARN_ENUM_CONVERSION</key>
				<string>YES</string>
				<key>CLANG_WARN_INT_CONVERSION</key>
				<string>YES</string>
				<key>CLANG_WARN_OBJC_ROOT_CLASS</key>
				<string>YES_ERROR</string>
				<key>CLANG_WARN_UNREACHABLE_CODE</key>
				<string>YES</string>
				<key>CLANG_WARN__DUPLICATE_METHOD_MATCH</key>
				<string>YES</string>
				<key>CODE_SIGN_IDENTITY[sdk=iphoneos*]</key>
				<string>iPhone Developer</string>
				<key>COPY_PHASE_STRIP</key>
				<string>NO</string>
				<key>ENABLE_STRICT_OBJC_MSGSEND</key>
				<string>YES</string>
				<key>GCC_C_LANGUAGE_STANDARD</key>
				<string>gnu99</string>
				<key>GCC_DYNAMIC_NO_PIC</key>
				<string>NO</string>
				<key>GCC_OPTIMIZATION_LEVEL</key>
				<string>0</string>
				<key>GCC_PREPROCESSOR_DEFINITIONS</key>
				<array>
					<string>DEBUG=1</string>
					<string>$(inherited)</string>
				</array>
				<key>GCC_SYMBOLS_PRIVATE_EXTERN</key>
				<string>NO</string>
				<key>GCC_WARN_64_TO_32_BIT_CONVERSION</key>
				<string>YES</string>
				<key>GCC_WARN_ABOUT_RETURN_TYPE</key>
				<string>YES_ERROR</string>
				<key>GCC_WARN_UNDECLARED_SELECTOR</key>
				<string>YES</string>
				<key>GCC_WARN_UNINITIALIZED_AUTOS</key>
				<string>YES_AGGRESSIVE</string>
				<key>GCC_WARN_UNUSED_FUNCTION</key>
				<string>YES</string>
				<key>GCC_WARN_UNUSED_VARIABLE</key>
				<string>YES</string>
				<key>IPHONEOS_DEPLOYMENT_TARGET</key>
				<string>8.1</string>
				<key>MTL_ENABLE_DEBUG_INFO</key>
				<string>YES</string>
				<key>ONLY_ACTIVE_ARCH</key>
				<string>YES</string>
				<key>SDKROOT</key>
				<string>iphoneos</string>
			</dict>
			<key>isa</key>
			<string>XCBuildConfiguration</string>
			<key>name</key>
			<string>Debug</string>
		</dict>
		<key>6AEC9F871A7346E700C2EFF6</key>
		<dict>
			<key>buildSettings</key>
			<dict>
				<key>ALWAYS_SEARCH_USER_PATHS</key>
				<string>NO</string>
				<key>CLANG_CXX_LANGUAGE_STANDARD</key>
				<string>gnu++0x</string>
				<key>CLANG_CXX_LIBRARY</key>
				<string>libc++</string>
				<key>CLANG_ENABLE_MODULES</key>
				<string>YES</string>
				<key>CLANG_ENABLE_OBJC_ARC</key>
				<string>YES</string>
				<key>CLANG_WARN_BOOL_CONVERSION</key>
				<string>YES</string>
				<key>CLANG_WARN_CONSTANT_CONVERSION</key>
				<string>YES</string>
				<key>CLANG_WARN_DIRECT_OBJC_ISA_USAGE</key>
				<string>YES_ERROR</string>
				<key>CLANG_WARN_EMPTY_BODY</key>
				<string>YES</string>
				<key>CLANG_WARN_ENUM_CONVERSION</key>
				<string>YES</string>
				<key>CLANG_WARN_INT_CONVERSION</key>
				<string>YES</string>
				<key>CLANG_WARN_OBJC_ROOT_CLASS</key>
				<string>YES_ERROR</string>
				<key>CLANG_WARN_UNREACHABLE_CODE</key>
				<string>YES</string>
				<key>CLANG_WARN__DUPLICATE_METHOD_MATCH</key>
				<string>YES</string>
				<key>CODE_SIGN_IDENTITY[sdk=iphoneos*]</key>
				<string>iPhone Developer</string>
				<key>COPY_PHASE_STRIP</key>
				<string>YES</string>
				<key>ENABLE_NS_ASSERTIONS</key>
				<string>NO</string>
				<key>ENABLE_STRICT_OBJC_MSGSEND</key>
				<string>YES</string>
				<key>GCC_C_LANGUAGE_STANDARD</key>
				<string>gnu99</string>
				<key>GCC_WARN_64_TO_32_BIT_CONVERSION</key>
				<string>YES</string>
				<key>GCC_WARN_ABOUT_RETURN_TYPE</key>
				<string>YES_ERROR</string>
				<key>GCC_WARN_UNDECLARED_SELECTOR</key>
				<string>YES</string>
				<key>GCC_WARN_UNINITIALIZED_AUTOS</key>
				<string>YES_AGGRESSIVE</string>
				<key>GCC_WARN_UNUSED_FUNCTION</key>
				<string>YES</string>
				<key>GCC_WARN_UNUSED_VARIABLE</key>
				<string>YES</string>
				<key>IPHONEOS_DEPLOYMENT_TARGET</key>
				<string>8.1</string>
				<key>MTL_ENABLE_DEBUG_INFO</key>
				<string>NO</string>
				<key>SDKROOT</key>
				<string>iphoneos</string>
				<key>VALIDATE_PRODUCT</key>
				<string>YES</string>
			</dict>
			<key>isa</key>
			<string>XCBuildConfiguration</string>
			<key>name</key>
			<string>Release</string>
		</dict>
		<key>6AEC9F881A7346E700C2EFF6</key>
		<dict>
			<key>buildConfigurations</key>
			<array>
				<string>6AEC9F891A7346E700C2EFF6</string>
				<string>6AEC9F8A1A7346E700C2EFF6</string>
			</array>
			<key>defaultConfigurationIsVisible</key>
			<string>0</string>
			<key>defaultConfigurationName</key>
			<string>Release</string>
			<key>isa</key>
			<string>XCConfigurationList</string>
		</dict>
		<key>6AEC9F891A7346E700C2EFF6</key>
		<dict>
			<key>baseConfigurationReference</key>
			<string>549A60BD2AEC3C2548774095</string>
			<key>buildSettings</key>
			<dict>
				<key>ASSETCATALOG_COMPILER_APPICON_NAME</key>
				<string>AppIcon</string>
				<key>CODE_SIGN_IDENTITY</key>
				<string>iPhone Developer</string>
				<key>INFOPLIST_FILE</key>
				<string>TagShutter/Info.plist</string>
				<key>IPHONEOS_DEPLOYMENT_TARGET</key>
				<string>7.0</string>
				<key>LD_RUNPATH_SEARCH_PATHS</key>
				<string>$(inherited) @executable_path/Frameworks</string>
				<key>PRODUCT_NAME</key>
				<string>$(TARGET_NAME)</string>
			</dict>
			<key>isa</key>
			<string>XCBuildConfiguration</string>
			<key>name</key>
			<string>Debug</string>
		</dict>
		<key>6AEC9F8A1A7346E700C2EFF6</key>
		<dict>
			<key>baseConfigurationReference</key>
			<string>1270A0360B941FC3DB91F1AC</string>
			<key>buildSettings</key>
			<dict>
				<key>ASSETCATALOG_COMPILER_APPICON_NAME</key>
				<string>AppIcon</string>
				<key>CODE_SIGN_IDENTITY</key>
				<string>iPhone Developer</string>
				<key>INFOPLIST_FILE</key>
				<string>TagShutter/Info.plist</string>
				<key>IPHONEOS_DEPLOYMENT_TARGET</key>
				<string>7.0</string>
				<key>LD_RUNPATH_SEARCH_PATHS</key>
				<string>$(inherited) @executable_path/Frameworks</string>
				<key>PRODUCT_NAME</key>
				<string>$(TARGET_NAME)</string>
			</dict>
			<key>isa</key>
			<string>XCBuildConfiguration</string>
			<key>name</key>
			<string>Release</string>
		</dict>
		<key>6AEC9F8B1A7346E700C2EFF6</key>
		<dict>
			<key>buildConfigurations</key>
			<array>
				<string>6AEC9F8C1A7346E700C2EFF6</string>
				<string>6AEC9F8D1A7346E700C2EFF6</string>
			</array>
			<key>defaultConfigurationIsVisible</key>
			<string>0</string>
			<key>defaultConfigurationName</key>
			<string>Release</string>
			<key>isa</key>
			<string>XCConfigurationList</string>
		</dict>
		<key>6AEC9F8C1A7346E700C2EFF6</key>
		<dict>
			<key>buildSettings</key>
			<dict>
				<key>BUNDLE_LOADER</key>
				<string>$(TEST_HOST)</string>
				<key>FRAMEWORK_SEARCH_PATHS</key>
				<array>
					<string>$(SDKROOT)/Developer/Library/Frameworks</string>
					<string>$(inherited)</string>
				</array>
				<key>GCC_PREPROCESSOR_DEFINITIONS</key>
				<array>
					<string>DEBUG=1</string>
					<string>$(inherited)</string>
				</array>
				<key>INFOPLIST_FILE</key>
				<string>TagShutterTests/Info.plist</string>
				<key>LD_RUNPATH_SEARCH_PATHS</key>
				<string>$(inherited) @executable_path/Frameworks @loader_path/Frameworks</string>
				<key>PRODUCT_NAME</key>
				<string>$(TARGET_NAME)</string>
				<key>TEST_HOST</key>
				<string>$(BUILT_PRODUCTS_DIR)/TagShutter.app/TagShutter</string>
			</dict>
			<key>isa</key>
			<string>XCBuildConfiguration</string>
			<key>name</key>
			<string>Debug</string>
		</dict>
		<key>6AEC9F8D1A7346E700C2EFF6</key>
		<dict>
			<key>buildSettings</key>
			<dict>
				<key>BUNDLE_LOADER</key>
				<string>$(TEST_HOST)</string>
				<key>FRAMEWORK_SEARCH_PATHS</key>
				<array>
					<string>$(SDKROOT)/Developer/Library/Frameworks</string>
					<string>$(inherited)</string>
				</array>
				<key>INFOPLIST_FILE</key>
				<string>TagShutterTests/Info.plist</string>
				<key>LD_RUNPATH_SEARCH_PATHS</key>
				<string>$(inherited) @executable_path/Frameworks @loader_path/Frameworks</string>
				<key>PRODUCT_NAME</key>
				<string>$(TARGET_NAME)</string>
				<key>TEST_HOST</key>
				<string>$(BUILT_PRODUCTS_DIR)/TagShutter.app/TagShutter</string>
			</dict>
			<key>isa</key>
			<string>XCBuildConfiguration</string>
			<key>name</key>
			<string>Release</string>
		</dict>
		<key>6AEC9F8E1A734A4700C2EFF6</key>
		<dict>
			<key>fileEncoding</key>
			<string>4</string>
			<key>isa</key>
			<string>PBXFileReference</string>
			<key>lastKnownFileType</key>
			<string>sourcecode.c.h</string>
			<key>path</key>
			<string>PKAlbumTableViewController.h</string>
			<key>sourceTree</key>
			<string>&lt;group&gt;</string>
		</dict>
		<key>6AEC9F8F1A734A4700C2EFF6</key>
		<dict>
			<key>fileEncoding</key>
			<string>4</string>
			<key>isa</key>
			<string>PBXFileReference</string>
			<key>lastKnownFileType</key>
			<string>sourcecode.c.objc</string>
			<key>path</key>
			<string>PKAlbumTableViewController.m</string>
			<key>sourceTree</key>
			<string>&lt;group&gt;</string>
		</dict>
		<key>6AEC9F901A734A4700C2EFF6</key>
		<dict>
			<key>fileRef</key>
			<string>6AEC9F8F1A734A4700C2EFF6</string>
			<key>isa</key>
			<string>PBXBuildFile</string>
		</dict>
		<key>6AEC9F941A735FC300C2EFF6</key>
		<dict>
			<key>fileEncoding</key>
			<string>4</string>
			<key>isa</key>
			<string>PBXFileReference</string>
			<key>lastKnownFileType</key>
			<string>sourcecode.c.h</string>
			<key>path</key>
			<string>PkCoreDataHelper.h</string>
			<key>sourceTree</key>
			<string>&lt;group&gt;</string>
		</dict>
		<key>6AEC9F951A735FC300C2EFF6</key>
		<dict>
			<key>fileEncoding</key>
			<string>4</string>
			<key>isa</key>
			<string>PBXFileReference</string>
			<key>lastKnownFileType</key>
			<string>sourcecode.c.objc</string>
			<key>path</key>
			<string>PkCoreDataHelper.m</string>
			<key>sourceTree</key>
			<string>&lt;group&gt;</string>
		</dict>
		<key>6AEC9F961A735FC300C2EFF6</key>
		<dict>
			<key>fileRef</key>
			<string>6AEC9F951A735FC300C2EFF6</string>
			<key>isa</key>
			<string>PBXBuildFile</string>
		</dict>
		<key>6AEC9F971A73648F00C2EFF6</key>
		<dict>
			<key>fileEncoding</key>
			<string>4</string>
			<key>isa</key>
			<string>PBXFileReference</string>
			<key>lastKnownFileType</key>
			<string>sourcecode.c.h</string>
			<key>path</key>
			<string>PKPhotoCollectionViewController.h</string>
			<key>sourceTree</key>
			<string>&lt;group&gt;</string>
		</dict>
		<key>6AEC9F981A73648F00C2EFF6</key>
		<dict>
			<key>fileEncoding</key>
			<string>4</string>
			<key>isa</key>
			<string>PBXFileReference</string>
			<key>lastKnownFileType</key>
			<string>sourcecode.c.objc</string>
			<key>path</key>
			<string>PKPhotoCollectionViewController.m</string>
			<key>sourceTree</key>
			<string>&lt;group&gt;</string>
		</dict>
		<key>6AEC9F991A73648F00C2EFF6</key>
		<dict>
			<key>fileRef</key>
			<string>6AEC9F981A73648F00C2EFF6</string>
			<key>isa</key>
			<string>PBXBuildFile</string>
		</dict>
		<key>6AEC9F9A1A7366F300C2EFF6</key>
		<dict>
			<key>fileEncoding</key>
			<string>4</string>
			<key>isa</key>
			<string>PBXFileReference</string>
			<key>lastKnownFileType</key>
			<string>sourcecode.c.h</string>
			<key>path</key>
			<string>PKPhotoCollectionViewCell.h</string>
			<key>sourceTree</key>
			<string>&lt;group&gt;</string>
		</dict>
		<key>6AEC9F9B1A7366F300C2EFF6</key>
		<dict>
			<key>fileEncoding</key>
			<string>4</string>
			<key>isa</key>
			<string>PBXFileReference</string>
			<key>lastKnownFileType</key>
			<string>sourcecode.c.objc</string>
			<key>path</key>
			<string>PKPhotoCollectionViewCell.m</string>
			<key>sourceTree</key>
			<string>&lt;group&gt;</string>
		</dict>
		<key>6AEC9F9C1A7366F300C2EFF6</key>
		<dict>
			<key>fileRef</key>
			<string>6AEC9F9B1A7366F300C2EFF6</string>
			<key>isa</key>
			<string>PBXBuildFile</string>
		</dict>
		<key>6AEC9F9D1A736A0700C2EFF6</key>
		<dict>
			<key>isa</key>
			<string>PBXFileReference</string>
			<key>lastKnownFileType</key>
			<string>image.jpeg</string>
			<key>path</key>
			<string>1185992_10152487346070616_890711299_n.jpg</string>
			<key>sourceTree</key>
			<string>&lt;group&gt;</string>
		</dict>
		<key>6AEC9F9E1A736A0700C2EFF6</key>
		<dict>
			<key>fileRef</key>
			<string>6AEC9F9D1A736A0700C2EFF6</string>
			<key>isa</key>
			<string>PBXBuildFile</string>
		</dict>
		<key>6AEC9FA21A7377FD00C2EFF6</key>
		<dict>
			<key>children</key>
			<array>
				<string>6AEC9FA61A74745A00C2EFF6</string>
				<string>6AEC9FAC1A7475F800C2EFF6</string>
				<string>6AEC9FAD1A7475F800C2EFF6</string>
				<string>6AEC9FA91A7475F800C2EFF6</string>
				<string>6AEC9FAA1A7475F800C2EFF6</string>
				<string>6AEC9FA31A7378B500C2EFF6</string>
				<string>6AEC9FA41A7378B500C2EFF6</string>
			</array>
			<key>isa</key>
			<string>PBXGroup</string>
			<key>name</key>
			<string>Core Data</string>
			<key>sourceTree</key>
			<string>&lt;group&gt;</string>
		</dict>
		<key>6AEC9FA31A7378B500C2EFF6</key>
		<dict>
			<key>fileEncoding</key>
			<string>4</string>
			<key>isa</key>
			<string>PBXFileReference</string>
			<key>lastKnownFileType</key>
			<string>sourcecode.c.h</string>
			<key>path</key>
			<string>PKPictureDataTransformer.h</string>
			<key>sourceTree</key>
			<string>&lt;group&gt;</string>
		</dict>
		<key>6AEC9FA41A7378B500C2EFF6</key>
		<dict>
			<key>fileEncoding</key>
			<string>4</string>
			<key>isa</key>
			<string>PBXFileReference</string>
			<key>lastKnownFileType</key>
			<string>sourcecode.c.objc</string>
			<key>path</key>
			<string>PKPictureDataTransformer.m</string>
			<key>sourceTree</key>
			<string>&lt;group&gt;</string>
		</dict>
		<key>6AEC9FA51A7378B500C2EFF6</key>
		<dict>
			<key>fileRef</key>
			<string>6AEC9FA41A7378B500C2EFF6</string>
			<key>isa</key>
			<string>PBXBuildFile</string>
		</dict>
		<key>6AEC9FA61A74745A00C2EFF6</key>
		<dict>
			<key>children</key>
			<array>
				<string>6AEC9FA71A74745A00C2EFF6</string>
			</array>
			<key>currentVersion</key>
			<string>6AEC9FA71A74745A00C2EFF6</string>
			<key>isa</key>
			<string>XCVersionGroup</string>
			<key>path</key>
			<string>TagShutter.xcdatamodeld</string>
			<key>sourceTree</key>
			<string>&lt;group&gt;</string>
			<key>versionGroupType</key>
			<string>wrapper.xcdatamodel</string>
		</dict>
		<key>6AEC9FA71A74745A00C2EFF6</key>
		<dict>
			<key>isa</key>
			<string>PBXFileReference</string>
			<key>lastKnownFileType</key>
			<string>wrapper.xcdatamodel</string>
			<key>path</key>
			<string>TagShutter.xcdatamodel</string>
			<key>sourceTree</key>
			<string>&lt;group&gt;</string>
		</dict>
		<key>6AEC9FA81A74745A00C2EFF6</key>
		<dict>
			<key>fileRef</key>
			<string>6AEC9FA61A74745A00C2EFF6</string>
			<key>isa</key>
			<string>PBXBuildFile</string>
		</dict>
		<key>6AEC9FA91A7475F800C2EFF6</key>
		<dict>
			<key>fileEncoding</key>
			<string>4</string>
			<key>isa</key>
			<string>PBXFileReference</string>
			<key>lastKnownFileType</key>
			<string>sourcecode.c.h</string>
			<key>path</key>
			<string>Album.h</string>
			<key>sourceTree</key>
			<string>&lt;group&gt;</string>
		</dict>
		<key>6AEC9FAA1A7475F800C2EFF6</key>
		<dict>
			<key>fileEncoding</key>
			<string>4</string>
			<key>isa</key>
			<string>PBXFileReference</string>
			<key>lastKnownFileType</key>
			<string>sourcecode.c.objc</string>
			<key>path</key>
			<string>Album.m</string>
			<key>sourceTree</key>
			<string>&lt;group&gt;</string>
		</dict>
		<key>6AEC9FAB1A7475F800C2EFF6</key>
		<dict>
			<key>fileRef</key>
			<string>6AEC9FAA1A7475F800C2EFF6</string>
			<key>isa</key>
			<string>PBXBuildFile</string>
		</dict>
		<key>6AEC9FAC1A7475F800C2EFF6</key>
		<dict>
			<key>fileEncoding</key>
			<string>4</string>
			<key>isa</key>
			<string>PBXFileReference</string>
			<key>lastKnownFileType</key>
			<string>sourcecode.c.h</string>
			<key>path</key>
			<string>Photo.h</string>
			<key>sourceTree</key>
			<string>&lt;group&gt;</string>
		</dict>
		<key>6AEC9FAD1A7475F800C2EFF6</key>
		<dict>
			<key>fileEncoding</key>
			<string>4</string>
			<key>isa</key>
			<string>PBXFileReference</string>
			<key>lastKnownFileType</key>
			<string>sourcecode.c.objc</string>
			<key>path</key>
			<string>Photo.m</string>
			<key>sourceTree</key>
			<string>&lt;group&gt;</string>
		</dict>
		<key>6AEC9FAE1A7475F800C2EFF6</key>
		<dict>
			<key>fileRef</key>
			<string>6AEC9FAD1A7475F800C2EFF6</string>
			<key>isa</key>
			<string>PBXBuildFile</string>
		</dict>
		<key>6AEC9FAF1A7482BC00C2EFF6</key>
		<dict>
			<key>fileEncoding</key>
			<string>4</string>
			<key>isa</key>
			<string>PBXFileReference</string>
			<key>lastKnownFileType</key>
			<string>sourcecode.c.h</string>
			<key>path</key>
			<string>PKPhotodetailViewController.h</string>
			<key>sourceTree</key>
			<string>&lt;group&gt;</string>
		</dict>
		<key>6AEC9FB01A7482BC00C2EFF6</key>
		<dict>
			<key>fileEncoding</key>
			<string>4</string>
			<key>isa</key>
			<string>PBXFileReference</string>
			<key>lastKnownFileType</key>
			<string>sourcecode.c.objc</string>
			<key>path</key>
			<string>PKPhotodetailViewController.m</string>
			<key>sourceTree</key>
			<string>&lt;group&gt;</string>
		</dict>
		<key>6AEC9FB11A7482BC00C2EFF6</key>
		<dict>
			<key>fileRef</key>
			<string>6AEC9FB01A7482BC00C2EFF6</string>
			<key>isa</key>
			<string>PBXBuildFile</string>
		</dict>
		<key>6AEC9FB21A74895000C2EFF6</key>
		<dict>
			<key>fileEncoding</key>
			<string>4</string>
			<key>isa</key>
			<string>PBXFileReference</string>
			<key>lastKnownFileType</key>
			<string>sourcecode.c.h</string>
			<key>path</key>
			<string>PKFiltersCollectionViewController.h</string>
			<key>sourceTree</key>
			<string>&lt;group&gt;</string>
		</dict>
		<key>6AEC9FB31A74895000C2EFF6</key>
		<dict>
			<key>fileEncoding</key>
			<string>4</string>
			<key>isa</key>
			<string>PBXFileReference</string>
			<key>lastKnownFileType</key>
			<string>sourcecode.c.objc</string>
			<key>path</key>
			<string>PKFiltersCollectionViewController.m</string>
			<key>sourceTree</key>
			<string>&lt;group&gt;</string>
		</dict>
		<key>6AEC9FB41A74895000C2EFF6</key>
		<dict>
			<key>fileRef</key>
			<string>6AEC9FB31A74895000C2EFF6</string>
			<key>isa</key>
			<string>PBXBuildFile</string>
		</dict>
		<key>CCEF2342AFB2E791A2DE7C27</key>
		<dict>
			<key>children</key>
			<array>
				<string>195E88B82BEB43BE36967861</string>
			</array>
			<key>isa</key>
			<string>PBXGroup</string>
			<key>name</key>
			<string>Frameworks</string>
			<key>sourceTree</key>
			<string>&lt;group&gt;</string>
		</dict>
	</dict>
	<key>rootObject</key>
	<string>6AEC9F5A1A7346E700C2EFF6</string>
</dict>
</plist>
